// !$*UTF8*$!
{
	archiveVersion = 1;
	classes = {
	};
	objectVersion = 48;
	objects = {

/* Begin PBXBuildFile section */
		1C159104205F978700E41633 /* AppDelegate.m in Sources */ = {isa = PBXBuildFile; fileRef = 1C159103205F978700E41633 /* AppDelegate.m */; };
		1C159107205F978700E41633 /* ViewController.m in Sources */ = {isa = PBXBuildFile; fileRef = 1C159106205F978700E41633 /* ViewController.m */; };
		1C15910A205F978700E41633 /* Main.storyboard in Resources */ = {isa = PBXBuildFile; fileRef = 1C159108205F978700E41633 /* Main.storyboard */; };
		1C15910C205F978700E41633 /* Assets.xcassets in Resources */ = {isa = PBXBuildFile; fileRef = 1C15910B205F978700E41633 /* Assets.xcassets */; };
		1C15910F205F978700E41633 /* LaunchScreen.storyboard in Resources */ = {isa = PBXBuildFile; fileRef = 1C15910D205F978700E41633 /* LaunchScreen.storyboard */; };
		1C159112205F978700E41633 /* main.m in Sources */ = {isa = PBXBuildFile; fileRef = 1C159111205F978700E41633 /* main.m */; };
		1C15911C205F978700E41633 /* JPushTestTests.m in Sources */ = {isa = PBXBuildFile; fileRef = 1C15911B205F978700E41633 /* JPushTestTests.m */; };
		1C159127205F978700E41633 /* JPushTestUITests.m in Sources */ = {isa = PBXBuildFile; fileRef = 1C159126205F978700E41633 /* JPushTestUITests.m */; };
/* End PBXBuildFile section */

/* Begin PBXContainerItemProxy section */
		1C159118205F978700E41633 /* PBXContainerItemProxy */ = {
			isa = PBXContainerItemProxy;
			containerPortal = 1C1590F7205F978700E41633 /* Project object */;
			proxyType = 1;
			remoteGlobalIDString = 1C1590FE205F978700E41633;
			remoteInfo = JPushTest;
		};
		1C159123205F978700E41633 /* PBXContainerItemProxy */ = {
			isa = PBXContainerItemProxy;
			containerPortal = 1C1590F7205F978700E41633 /* Project object */;
			proxyType = 1;
			remoteGlobalIDString = 1C1590FE205F978700E41633;
			remoteInfo = JPushTest;
		};
/* End PBXContainerItemProxy section */

/* Begin PBXFileReference section */
		1C1590FF205F978700E41633 /* JPushTest.app */ = {isa = PBXFileReference; explicitFileType = wrapper.application; includeInIndex = 0; path = JPushTest.app; sourceTree = BUILT_PRODUCTS_DIR; };
		1C159102205F978700E41633 /* AppDelegate.h */ = {isa = PBXFileReference; lastKnownFileType = sourcecode.c.h; path = AppDelegate.h; sourceTree = "<group>"; };
		1C159103205F978700E41633 /* AppDelegate.m */ = {isa = PBXFileReference; lastKnownFileType = sourcecode.c.objc; path = AppDelegate.m; sourceTree = "<group>"; };
		1C159105205F978700E41633 /* ViewController.h */ = {isa = PBXFileReference; lastKnownFileType = sourcecode.c.h; path = ViewController.h; sourceTree = "<group>"; };
		1C159106205F978700E41633 /* ViewController.m */ = {isa = PBXFileReference; lastKnownFileType = sourcecode.c.objc; path = ViewController.m; sourceTree = "<group>"; };
		1C159109205F978700E41633 /* Base */ = {isa = PBXFileReference; lastKnownFileType = file.storyboard; name = Base; path = Base.lproj/Main.storyboard; sourceTree = "<group>"; };
		1C15910B205F978700E41633 /* Assets.xcassets */ = {isa = PBXFileReference; lastKnownFileType = folder.assetcatalog; path = Assets.xcassets; sourceTree = "<group>"; };
		1C15910E205F978700E41633 /* Base */ = {isa = PBXFileReference; lastKnownFileType = file.storyboard; name = Base; path = Base.lproj/LaunchScreen.storyboard; sourceTree = "<group>"; };
		1C159110205F978700E41633 /* Info.plist */ = {isa = PBXFileReference; lastKnownFileType = text.plist.xml; path = Info.plist; sourceTree = "<group>"; };
		1C159111205F978700E41633 /* main.m */ = {isa = PBXFileReference; lastKnownFileType = sourcecode.c.objc; path = main.m; sourceTree = "<group>"; };
		1C159117205F978700E41633 /* JPushTestTests.xctest */ = {isa = PBXFileReference; explicitFileType = wrapper.cfbundle; includeInIndex = 0; path = JPushTestTests.xctest; sourceTree = BUILT_PRODUCTS_DIR; };
		1C15911B205F978700E41633 /* JPushTestTests.m */ = {isa = PBXFileReference; lastKnownFileType = sourcecode.c.objc; path = JPushTestTests.m; sourceTree = "<group>"; };
		1C15911D205F978700E41633 /* Info.plist */ = {isa = PBXFileReference; lastKnownFileType = text.plist.xml; path = Info.plist; sourceTree = "<group>"; };
		1C159122205F978700E41633 /* JPushTestUITests.xctest */ = {isa = PBXFileReference; explicitFileType = wrapper.cfbundle; includeInIndex = 0; path = JPushTestUITests.xctest; sourceTree = BUILT_PRODUCTS_DIR; };
		1C159126205F978700E41633 /* JPushTestUITests.m */ = {isa = PBXFileReference; lastKnownFileType = sourcecode.c.objc; path = JPushTestUITests.m; sourceTree = "<group>"; };
		1C159128205F978700E41633 /* Info.plist */ = {isa = PBXFileReference; lastKnownFileType = text.plist.xml; path = Info.plist; sourceTree = "<group>"; };
/* End PBXFileReference section */

/* Begin PBXFrameworksBuildPhase section */
		1C1590FC205F978700E41633 /* Frameworks */ = {
			isa = PBXFrameworksBuildPhase;
			buildActionMask = 2147483647;
			files = (
			);
			runOnlyForDeploymentPostprocessing = 0;
		};
		1C159114205F978700E41633 /* Frameworks */ = {
			isa = PBXFrameworksBuildPhase;
			buildActionMask = 2147483647;
			files = (
			);
			runOnlyForDeploymentPostprocessing = 0;
		};
		1C15911F205F978700E41633 /* Frameworks */ = {
			isa = PBXFrameworksBuildPhase;
			buildActionMask = 2147483647;
			files = (
			);
			runOnlyForDeploymentPostprocessing = 0;
		};
/* End PBXFrameworksBuildPhase section */

/* Begin PBXGroup section */
		1C1590F6205F978700E41633 = {
			isa = PBXGroup;
			children = (
				1C159101205F978700E41633 /* JPushTest */,
				1C15911A205F978700E41633 /* JPushTestTests */,
				1C159125205F978700E41633 /* JPushTestUITests */,
				1C159100205F978700E41633 /* Products */,
			);
			sourceTree = "<group>";
		};
		1C159100205F978700E41633 /* Products */ = {
			isa = PBXGroup;
			children = (
				1C1590FF205F978700E41633 /* JPushTest.app */,
				1C159117205F978700E41633 /* JPushTestTests.xctest */,
				1C159122205F978700E41633 /* JPushTestUITests.xctest */,
			);
			name = Products;
			sourceTree = "<group>";
		};
		1C159101205F978700E41633 /* JPushTest */ = {
			isa = PBXGroup;
			children = (
				1C159102205F978700E41633 /* AppDelegate.h */,
				1C159103205F978700E41633 /* AppDelegate.m */,
				1C159105205F978700E41633 /* ViewController.h */,
				1C159106205F978700E41633 /* ViewController.m */,
				1C159108205F978700E41633 /* Main.storyboard */,
				1C15910B205F978700E41633 /* Assets.xcassets */,
				1C15910D205F978700E41633 /* LaunchScreen.storyboard */,
				1C159110205F978700E41633 /* Info.plist */,
				1C159111205F978700E41633 /* main.m */,
			);
			path = JPushTest;
			sourceTree = "<group>";
		};
		1C15911A205F978700E41633 /* JPushTestTests */ = {
			isa = PBXGroup;
			children = (
				1C15911B205F978700E41633 /* JPushTestTests.m */,
				1C15911D205F978700E41633 /* Info.plist */,
			);
			path = JPushTestTests;
			sourceTree = "<group>";
		};
		1C159125205F978700E41633 /* JPushTestUITests */ = {
			isa = PBXGroup;
			children = (
				1C159126205F978700E41633 /* JPushTestUITests.m */,
				1C159128205F978700E41633 /* Info.plist */,
			);
			path = JPushTestUITests;
			sourceTree = "<group>";
		};
/* End PBXGroup section */

/* Begin PBXNativeTarget section */
		1C1590FE205F978700E41633 /* JPushTest */ = {
			isa = PBXNativeTarget;
			buildConfigurationList = 1C15912B205F978700E41633 /* Build configuration list for PBXNativeTarget "JPushTest" */;
			buildPhases = (
				1C1590FB205F978700E41633 /* Sources */,
				1C1590FC205F978700E41633 /* Frameworks */,
				1C1590FD205F978700E41633 /* Resources */,
			);
			buildRules = (
			);
			dependencies = (
			);
			name = JPushTest;
			productName = JPushTest;
			productReference = 1C1590FF205F978700E41633 /* JPushTest.app */;
			productType = "com.apple.product-type.application";
		};
		1C159116205F978700E41633 /* JPushTestTests */ = {
			isa = PBXNativeTarget;
			buildConfigurationList = 1C15912E205F978700E41633 /* Build configuration list for PBXNativeTarget "JPushTestTests" */;
			buildPhases = (
				1C159113205F978700E41633 /* Sources */,
				1C159114205F978700E41633 /* Frameworks */,
				1C159115205F978700E41633 /* Resources */,
			);
			buildRules = (
			);
			dependencies = (
				1C159119205F978700E41633 /* PBXTargetDependency */,
			);
			name = JPushTestTests;
			productName = JPushTestTests;
			productReference = 1C159117205F978700E41633 /* JPushTestTests.xctest */;
			productType = "com.apple.product-type.bundle.unit-test";
		};
		1C159121205F978700E41633 /* JPushTestUITests */ = {
			isa = PBXNativeTarget;
			buildConfigurationList = 1C159131205F978700E41633 /* Build configuration list for PBXNativeTarget "JPushTestUITests" */;
			buildPhases = (
				1C15911E205F978700E41633 /* Sources */,
				1C15911F205F978700E41633 /* Frameworks */,
				1C159120205F978700E41633 /* Resources */,
			);
			buildRules = (
			);
			dependencies = (
				1C159124205F978700E41633 /* PBXTargetDependency */,
			);
			name = JPushTestUITests;
			productName = JPushTestUITests;
			productReference = 1C159122205F978700E41633 /* JPushTestUITests.xctest */;
			productType = "com.apple.product-type.bundle.ui-testing";
		};
/* End PBXNativeTarget section */

/* Begin PBXProject section */
		1C1590F7205F978700E41633 /* Project object */ = {
			isa = PBXProject;
			attributes = {
				LastUpgradeCheck = 0920;
				ORGANIZATIONNAME = CGZD;
				TargetAttributes = {
					1C1590FE205F978700E41633 = {
						CreatedOnToolsVersion = 9.2;
						ProvisioningStyle = Automatic;
					};
					1C159116205F978700E41633 = {
						CreatedOnToolsVersion = 9.2;
						ProvisioningStyle = Automatic;
						TestTargetID = 1C1590FE205F978700E41633;
					};
					1C159121205F978700E41633 = {
						CreatedOnToolsVersion = 9.2;
						ProvisioningStyle = Automatic;
						TestTargetID = 1C1590FE205F978700E41633;
					};
				};
			};
			buildConfigurationList = 1C1590FA205F978700E41633 /* Build configuration list for PBXProject "JPushTest" */;
			compatibilityVersion = "Xcode 8.0";
			developmentRegion = en;
			hasScannedForEncodings = 0;
			knownRegions = (
				en,
				Base,
			);
			mainGroup = 1C1590F6205F978700E41633;
			productRefGroup = 1C159100205F978700E41633 /* Products */;
			projectDirPath = "";
			projectRoot = "";
			targets = (
				1C1590FE205F978700E41633 /* JPushTest */,
				1C159116205F978700E41633 /* JPushTestTests */,
				1C159121205F978700E41633 /* JPushTestUITests */,
			);
		};
/* End PBXProject section */

/* Begin PBXResourcesBuildPhase section */
		1C1590FD205F978700E41633 /* Resources */ = {
			isa = PBXResourcesBuildPhase;
			buildActionMask = 2147483647;
			files = (
				1C15910F205F978700E41633 /* LaunchScreen.storyboard in Resources */,
				1C15910C205F978700E41633 /* Assets.xcassets in Resources */,
				1C15910A205F978700E41633 /* Main.storyboard in Resources */,
			);
			runOnlyForDeploymentPostprocessing = 0;
		};
		1C159115205F978700E41633 /* Resources */ = {
			isa = PBXResourcesBuildPhase;
			buildActionMask = 2147483647;
			files = (
			);
			runOnlyForDeploymentPostprocessing = 0;
		};
		1C159120205F978700E41633 /* Resources */ = {
			isa = PBXResourcesBuildPhase;
			buildActionMask = 2147483647;
			files = (
			);
			runOnlyForDeploymentPostprocessing = 0;
		};
/* End PBXResourcesBuildPhase section */

/* Begin PBXSourcesBuildPhase section */
		1C1590FB205F978700E41633 /* Sources */ = {
			isa = PBXSourcesBuildPhase;
			buildActionMask = 2147483647;
			files = (
				1C159107205F978700E41633 /* ViewController.m in Sources */,
				1C159112205F978700E41633 /* main.m in Sources */,
				1C159104205F978700E41633 /* AppDelegate.m in Sources */,
			);
			runOnlyForDeploymentPostprocessing = 0;
		};
		1C159113205F978700E41633 /* Sources */ = {
			isa = PBXSourcesBuildPhase;
			buildActionMask = 2147483647;
			files = (
				1C15911C205F978700E41633 /* JPushTestTests.m in Sources */,
			);
			runOnlyForDeploymentPostprocessing = 0;
		};
		1C15911E205F978700E41633 /* Sources */ = {
			isa = PBXSourcesBuildPhase;
			buildActionMask = 2147483647;
			files = (
				1C159127205F978700E41633 /* JPushTestUITests.m in Sources */,
			);
			runOnlyForDeploymentPostprocessing = 0;
		};
/* End PBXSourcesBuildPhase section */

/* Begin PBXTargetDependency section */
		1C159119205F978700E41633 /* PBXTargetDependency */ = {
			isa = PBXTargetDependency;
			target = 1C1590FE205F978700E41633 /* JPushTest */;
			targetProxy = 1C159118205F978700E41633 /* PBXContainerItemProxy */;
		};
		1C159124205F978700E41633 /* PBXTargetDependency */ = {
			isa = PBXTargetDependency;
			target = 1C1590FE205F978700E41633 /* JPushTest */;
			targetProxy = 1C159123205F978700E41633 /* PBXContainerItemProxy */;
		};
/* End PBXTargetDependency section */

/* Begin PBXVariantGroup section */
		1C159108205F978700E41633 /* Main.storyboard */ = {
			isa = PBXVariantGroup;
			children = (
				1C159109205F978700E41633 /* Base */,
			);
			name = Main.storyboard;
			sourceTree = "<group>";
		};
		1C15910D205F978700E41633 /* LaunchScreen.storyboard */ = {
			isa = PBXVariantGroup;
			children = (
				1C15910E205F978700E41633 /* Base */,
			);
			name = LaunchScreen.storyboard;
			sourceTree = "<group>";
		};
/* End PBXVariantGroup section */

/* Begin XCBuildConfiguration section */
		1C159129205F978700E41633 /* Debug */ = {
			isa = XCBuildConfiguration;
			buildSettings = {
				ALWAYS_SEARCH_USER_PATHS = NO;
				CLANG_ANALYZER_NONNULL = YES;
				CLANG_ANALYZER_NUMBER_OBJECT_CONVERSION = YES_AGGRESSIVE;
				CLANG_CXX_LANGUAGE_STANDARD = "gnu++14";
				CLANG_CXX_LIBRARY = "libc++";
				CLANG_ENABLE_MODULES = YES;
				CLANG_ENABLE_OBJC_ARC = YES;
				CLANG_WARN_BLOCK_CAPTURE_AUTORELEASING = YES;
				CLANG_WARN_BOOL_CONVERSION = YES;
				CLANG_WARN_COMMA = YES;
				CLANG_WARN_CONSTANT_CONVERSION = YES;
				CLANG_WARN_DIRECT_OBJC_ISA_USAGE = YES_ERROR;
				CLANG_WARN_DOCUMENTATION_COMMENTS = YES;
				CLANG_WARN_EMPTY_BODY = YES;
				CLANG_WARN_ENUM_CONVERSION = YES;
				CLANG_WARN_INFINITE_RECURSION = YES;
				CLANG_WARN_INT_CONVERSION = YES;
				CLANG_WARN_NON_LITERAL_NULL_CONVERSION = YES;
				CLANG_WARN_OBJC_LITERAL_CONVERSION = YES;
				CLANG_WARN_OBJC_ROOT_CLASS = YES_ERROR;
				CLANG_WARN_RANGE_LOOP_ANALYSIS = YES;
				CLANG_WARN_STRICT_PROTOTYPES = YES;
				CLANG_WARN_SUSPICIOUS_MOVE = YES;
				CLANG_WARN_UNGUARDED_AVAILABILITY = YES_AGGRESSIVE;
				CLANG_WARN_UNREACHABLE_CODE = YES;
				CLANG_WARN__DUPLICATE_METHOD_MATCH = YES;
				CODE_SIGN_IDENTITY = "iPhone Developer";
				COPY_PHASE_STRIP = NO;
				DEBUG_INFORMATION_FORMAT = dwarf;
				ENABLE_STRICT_OBJC_MSGSEND = YES;
				ENABLE_TESTABILITY = YES;
				GCC_C_LANGUAGE_STANDARD = gnu11;
				GCC_DYNAMIC_NO_PIC = NO;
				GCC_NO_COMMON_BLOCKS = YES;
				GCC_OPTIMIZATION_LEVEL = 0;
				GCC_PREPROCESSOR_DEFINITIONS = (
					"DEBUG=1",
					"$(inherited)",
				);
				GCC_WARN_64_TO_32_BIT_CONVERSION = YES;
				GCC_WARN_ABOUT_RETURN_TYPE = YES_ERROR;
				GCC_WARN_UNDECLARED_SELECTOR = YES;
				GCC_WARN_UNINITIALIZED_AUTOS = YES_AGGRESSIVE;
				GCC_WARN_UNUSED_FUNCTION = YES;
				GCC_WARN_UNUSED_VARIABLE = YES;
				IPHONEOS_DEPLOYMENT_TARGET = 11.2;
				MTL_ENABLE_DEBUG_INFO = YES;
				ONLY_ACTIVE_ARCH = YES;
				SDKROOT = iphoneos;
			};
			name = Debug;
		};
		1C15912A205F978700E41633 /* Release */ = {
			isa = XCBuildConfiguration;
			buildSettings = {
				ALWAYS_SEARCH_USER_PATHS = NO;
				CLANG_ANALYZER_NONNULL = YES;
				CLANG_ANALYZER_NUMBER_OBJECT_CONVERSION = YES_AGGRESSIVE;
				CLANG_CXX_LANGUAGE_STANDARD = "gnu++14";
				CLANG_CXX_LIBRARY = "libc++";
				CLANG_ENABLE_MODULES = YES;
				CLANG_ENABLE_OBJC_ARC = YES;
				CLANG_WARN_BLOCK_CAPTURE_AUTORELEASING = YES;
				CLANG_WARN_BOOL_CONVERSION = YES;
				CLANG_WARN_COMMA = YES;
				CLANG_WARN_CONSTANT_CONVERSION = YES;
				CLANG_WARN_DIRECT_OBJC_ISA_USAGE = YES_ERROR;
				CLANG_WARN_DOCUMENTATION_COMMENTS = YES;
				CLANG_WARN_EMPTY_BODY = YES;
				CLANG_WARN_ENUM_CONVERSION = YES;
				CLANG_WARN_INFINITE_RECURSION = YES;
				CLANG_WARN_INT_CONVERSION = YES;
				CLANG_WARN_NON_LITERAL_NULL_CONVERSION = YES;
				CLANG_WARN_OBJC_LITERAL_CONVERSION = YES;
				CLANG_WARN_OBJC_ROOT_CLASS = YES_ERROR;
				CLANG_WARN_RANGE_LOOP_ANALYSIS = YES;
				CLANG_WARN_STRICT_PROTOTYPES = YES;
				CLANG_WARN_SUSPICIOUS_MOVE = YES;
				CLANG_WARN_UNGUARDED_AVAILABILITY = YES_AGGRESSIVE;
				CLANG_WARN_UNREACHABLE_CODE = YES;
				CLANG_WARN__DUPLICATE_METHOD_MATCH = YES;
				CODE_SIGN_IDENTITY = "iPhone Developer";
				COPY_PHASE_STRIP = NO;
				DEBUG_INFORMATION_FORMAT = "dwarf-with-dsym";
				ENABLE_NS_ASSERTIONS = NO;
				ENABLE_STRICT_OBJC_MSGSEND = YES;
				GCC_C_LANGUAGE_STANDARD = gnu11;
				GCC_NO_COMMON_BLOCKS = YES;
				GCC_WARN_64_TO_32_BIT_CONVERSION = YES;
				GCC_WARN_ABOUT_RETURN_TYPE = YES_ERROR;
				GCC_WARN_UNDECLARED_SELECTOR = YES;
				GCC_WARN_UNINITIALIZED_AUTOS = YES_AGGRESSIVE;
				GCC_WARN_UNUSED_FUNCTION = YES;
				GCC_WARN_UNUSED_VARIABLE = YES;
				IPHONEOS_DEPLOYMENT_TARGET = 11.2;
				MTL_ENABLE_DEBUG_INFO = NO;
				SDKROOT = iphoneos;
				VALIDATE_PRODUCT = YES;
			};
			name = Release;
		};
		1C15912C205F978700E41633 /* Debug */ = {
			isa = XCBuildConfiguration;
			buildSettings = {
				ASSETCATALOG_COMPILER_APPICON_NAME = AppIcon;
				CODE_SIGN_STYLE = Automatic;
				INFOPLIST_FILE = JPushTest/Info.plist;
				LD_RUNPATH_SEARCH_PATHS = "$(inherited) @executable_path/Frameworks";
				PRODUCT_BUNDLE_IDENTIFIER = jjkkk.JPushTest;
				PRODUCT_NAME = "$(TARGET_NAME)";
				TARGETED_DEVICE_FAMILY = "1,2";
			};
			name = Debug;
		};
		1C15912D205F978700E41633 /* Release */ = {
			isa = XCBuildConfiguration;
			buildSettings = {
				ASSETCATALOG_COMPILER_APPICON_NAME = AppIcon;
				CODE_SIGN_STYLE = Automatic;
				INFOPLIST_FILE = JPushTest/Info.plist;
				LD_RUNPATH_SEARCH_PATHS = "$(inherited) @executable_path/Frameworks";
				PRODUCT_BUNDLE_IDENTIFIER = jjkkk.JPushTest;
				PRODUCT_NAME = "$(TARGET_NAME)";
				TARGETED_DEVICE_FAMILY = "1,2";
			};
			name = Release;
		};
		1C15912F205F978700E41633 /* Debug */ = {
			isa = XCBuildConfiguration;
			buildSettings = {
				BUNDLE_LOADER = "$(TEST_HOST)";
				CODE_SIGN_STYLE = Automatic;
				INFOPLIST_FILE = JPushTestTests/Info.plist;
				LD_RUNPATH_SEARCH_PATHS = "$(inherited) @executable_path/Frameworks @loader_path/Frameworks";
				PRODUCT_BUNDLE_IDENTIFIER = jjkkk.JPushTestTests;
				PRODUCT_NAME = "$(TARGET_NAME)";
				TARGETED_DEVICE_FAMILY = "1,2";
				TEST_HOST = "$(BUILT_PRODUCTS_DIR)/JPushTest.app/JPushTest";
			};
			name = Debug;
		};
		1C159130205F978700E41633 /* Release */ = {
			isa = XCBuildConfiguration;
			buildSettings = {
				BUNDLE_LOADER = "$(TEST_HOST)";
				CODE_SIGN_STYLE = Automatic;
				INFOPLIST_FILE = JPushTestTests/Info.plist;
				LD_RUNPATH_SEARCH_PATHS = "$(inherited) @executable_path/Frameworks @loader_path/Frameworks";
				PRODUCT_BUNDLE_IDENTIFIER = jjkkk.JPushTestTests;
				PRODUCT_NAME = "$(TARGET_NAME)";
				TARGETED_DEVICE_FAMILY = "1,2";
				TEST_HOST = "$(BUILT_PRODUCTS_DIR)/JPushTest.app/JPushTest";
			};
			name = Release;
		};
		1C159132205F978700E41633 /* Debug */ = {
			isa = XCBuildConfiguration;
			buildSettings = {
				CODE_SIGN_STYLE = Automatic;
				INFOPLIST_FILE = JPushTestUITests/Info.plist;
				LD_RUNPATH_SEARCH_PATHS = "$(inherited) @executable_path/Frameworks @loader_path/Frameworks";
				PRODUCT_BUNDLE_IDENTIFIER = jjkkk.JPushTestUITests;
				PRODUCT_NAME = "$(TARGET_NAME)";
				TARGETED_DEVICE_FAMILY = "1,2";
				TEST_TARGET_NAME = JPushTest;
			};
			name = Debug;
		};
		1C159133205F978700E41633 /* Release */ = {
			isa = XCBuildConfiguration;
			buildSettings = {
				CODE_SIGN_STYLE = Automatic;
				INFOPLIST_FILE = JPushTestUITests/Info.plist;
				LD_RUNPATH_SEARCH_PATHS = "$(inherited) @executable_path/Frameworks @loader_path/Frameworks";
				PRODUCT_BUNDLE_IDENTIFIER = jjkkk.JPushTestUITests;
				PRODUCT_NAME = "$(TARGET_NAME)";
				TARGETED_DEVICE_FAMILY = "1,2";
				TEST_TARGET_NAME = JPushTest;
			};
			name = Release;
		};
/* End XCBuildConfiguration section */

/* Begin XCConfigurationList section */
		1C1590FA205F978700E41633 /* Build configuration list for PBXProject "JPushTest" */ = {
			isa = XCConfigurationList;
			buildConfigurations = (
				1C159129205F978700E41633 /* Debug */,
				1C15912A205F978700E41633 /* Release */,
			);
			defaultConfigurationIsVisible = 0;
			defaultConfigurationName = Release;
		};
		1C15912B205F978700E41633 /* Build configuration list for PBXNativeTarget "JPushTest" */ = {
			isa = XCConfigurationList;
			buildConfigurations = (
				1C15912C205F978700E41633 /* Debug */,
				1C15912D205F978700E41633 /* Release */,
			);
			defaultConfigurationIsVisible = 0;
			defaultConfigurationName = Release;
		};
		1C15912E205F978700E41633 /* Build configuration list for PBXNativeTarget "JPushTestTests" */ = {
			isa = XCConfigurationList;
			buildConfigurations = (
				1C15912F205F978700E41633 /* Debug */,
				1C159130205F978700E41633 /* Release */,
			);
			defaultConfigurationIsVisible = 0;
			defaultConfigurationName = Release;
		};
		1C159131205F978700E41633 /* Build configuration list for PBXNativeTarget "JPushTestUITests" */ = {
			isa = XCConfigurationList;
			buildConfigurations = (
				1C159132205F978700E41633 /* Debug */,
				1C159133205F978700E41633 /* Release */,
			);
			defaultConfigurationIsVisible = 0;
			defaultConfigurationName = Release;
		};
/* End XCConfigurationList section */
	};
	rootObject = 1C1590F7205F978700E41633 /* Project object */;
}
